
Microsoft Visual Studio Solution File, Format Version 12.00
# Visual Studio Version 17
VisualStudioVersion = 17.14.36623.8 d17.14
MinimumVisualStudioVersion = 10.0.40219.1
Project("{FAE04EC0-301F-11D3-BF4B-00C04F79EFBC}") = "Task Dj", "Task Dj\Task Dj.csproj", "{5C7B88E6-2016-4E1B-8450-8DC49CC186DD}"
EndProject
Project("{FAE04EC0-301F-11D3-BF4B-00C04F79EFBC}") = "DomainModel", "DomainModel\DomainModel.csproj", "{7420115C-03AC-49CF-9DC4-EB6A60DAED30}"
EndProject
Global
	GlobalSection(SolutionConfigurationPlatforms) = preSolution
		Debug|Any CPU = Debug|Any CPU
		Release|Any CPU = Release|Any CPU
	EndGlobalSection
	GlobalSection(ProjectConfigurationPlatforms) = postSolution
		{5C7B88E6-2016-4E1B-8450-8DC49CC186DD}.Debug|Any CPU.ActiveCfg = Debug|Any CPU
		{5C7B88E6-2016-4E1B-8450-8DC49CC186DD}.Debug|Any CPU.Build.0 = Debug|Any CPU
		{5C7B88E6-2016-4E1B-8450-8DC49CC186DD}.Release|Any CPU.ActiveCfg = Release|Any CPU
		{5C7B88E6-2016-4E1B-8450-8DC49CC186DD}.Release|Any CPU.Build.0 = Release|Any CPU
		{7420115C-03AC-49CF-9DC4-EB6A60DAED30}.Debug|Any CPU.ActiveCfg = Debug|Any CPU
		{7420115C-03AC-49CF-9DC4-EB6A60DAED30}.Debug|Any CPU.Build.0 = Debug|Any CPU
		{7420115C-03AC-49CF-9DC4-EB6A60DAED30}.Release|Any CPU.ActiveCfg = Release|Any CPU
		{7420115C-03AC-49CF-9DC4-EB6A60DAED30}.Release|Any CPU.Build.0 = Release|Any CPU
	EndGlobalSection
	GlobalSection(SolutionProperties) = preSolution
		HideSolutionNode = FALSE
	EndGlobalSection
	GlobalSection(ExtensibilityGlobals) = postSolution
		SolutionGuid = {06B2A89B-8B40-471E-85D0-8BAF776576B0}
	EndGlobalSection
EndGlobal
